
Microsoft Visual Studio Solution File, Format Version 12.00
# Visual Studio 15
VisualStudioVersion = 15.0.28010.2048
MinimumVisualStudioVersion = 10.0.40219.1
Project("{FAE04EC0-301F-11D3-BF4B-00C04F79EFBC}") = "FN.Store.UI", "FN.Store.UI\FN.Store.UI.csproj", "{E43AD445-27B2-4720-9726-D6D4EFD77F4D}"
EndProject
Global
	GlobalSection(SolutionConfigurationPlatforms) = preSolution
		Debug|Any CPU = Debug|Any CPU
		Release|Any CPU = Release|Any CPU
	EndGlobalSection
	GlobalSection(ProjectConfigurationPlatforms) = postSolution
		{E43AD445-27B2-4720-9726-D6D4EFD77F4D}.Debug|Any CPU.ActiveCfg = Debug|Any CPU
		{E43AD445-27B2-4720-9726-D6D4EFD77F4D}.Debug|Any CPU.Build.0 = Debug|Any CPU
		{E43AD445-27B2-4720-9726-D6D4EFD77F4D}.Release|Any CPU.ActiveCfg = Release|Any CPU
		{E43AD445-27B2-4720-9726-D6D4EFD77F4D}.Release|Any CPU.Build.0 = Release|Any CPU
	EndGlobalSection
	GlobalSection(SolutionProperties) = preSolution
		HideSolutionNode = FALSE
	EndGlobalSection
	GlobalSection(ExtensibilityGlobals) = postSolution
		SolutionGuid = {5EB47278-A0D8-41D1-9CC0-5D371417DF81}
	EndGlobalSection
EndGlobal
